
Microsoft Visual Studio Solution File, Format Version 12.00
# Visual Studio Version 17
VisualStudioVersion = 17.13.35913.81
MinimumVisualStudioVersion = 10.0.40219.1
Project("{FAE04EC0-301F-11D3-BF4B-00C04F79EFBC}") = "Globant.AspireDemo.Api", "Globant.AspireDemo.Api\Globant.AspireDemo.Api.csproj", "{7FA895A4-9DEA-44EB-9D87-0F1BC52126DA}"
EndProject
Project("{FAE04EC0-301F-11D3-BF4B-00C04F79EFBC}") = "Globant.AspireDemo.AppHost", "Globant.AspireDemo.AppHost\Globant.AspireDemo.AppHost.csproj", "{96E98347-3949-4B92-B014-F573169E4B30}"
EndProject
Project("{FAE04EC0-301F-11D3-BF4B-00C04F79EFBC}") = "Globant.AspireDemo.ServiceDefaults", "Globant.AspireDemo.ServiceDefaults\Globant.AspireDemo.ServiceDefaults.csproj", "{18483BD1-EF77-19A9-151D-A5F976C6B9AF}"
EndProject
Project("{FAE04EC0-301F-11D3-BF4B-00C04F79EFBC}") = "Globant.AspireDemo.Contracts", "Globant.AspireDemo.Contracts\Globant.AspireDemo.Contracts.csproj", "{DF3D4C33-E30C-421F-942A-690653863C25}"
EndProject
Project("{FAE04EC0-301F-11D3-BF4B-00C04F79EFBC}") = "Globant.AspireDemo.Worker", "Globant.AspireDemo.Worker\Globant.AspireDemo.Worker.csproj", "{8174C9CD-3741-48DC-9FB4-C19FA08A71A8}"
EndProject
Global
	GlobalSection(SolutionConfigurationPlatforms) = preSolution
		Debug|Any CPU = Debug|Any CPU
		Release|Any CPU = Release|Any CPU
	EndGlobalSection
	GlobalSection(ProjectConfigurationPlatforms) = postSolution
		{7FA895A4-9DEA-44EB-9D87-0F1BC52126DA}.Debug|Any CPU.ActiveCfg = Debug|Any CPU
		{7FA895A4-9DEA-44EB-9D87-0F1BC52126DA}.Debug|Any CPU.Build.0 = Debug|Any CPU
		{7FA895A4-9DEA-44EB-9D87-0F1BC52126DA}.Release|Any CPU.ActiveCfg = Release|Any CPU
		{7FA895A4-9DEA-44EB-9D87-0F1BC52126DA}.Release|Any CPU.Build.0 = Release|Any CPU
		{96E98347-3949-4B92-B014-F573169E4B30}.Debug|Any CPU.ActiveCfg = Debug|Any CPU
		{96E98347-3949-4B92-B014-F573169E4B30}.Debug|Any CPU.Build.0 = Debug|Any CPU
		{96E98347-3949-4B92-B014-F573169E4B30}.Release|Any CPU.ActiveCfg = Release|Any CPU
		{96E98347-3949-4B92-B014-F573169E4B30}.Release|Any CPU.Build.0 = Release|Any CPU
		{18483BD1-EF77-19A9-151D-A5F976C6B9AF}.Debug|Any CPU.ActiveCfg = Debug|Any CPU
		{18483BD1-EF77-19A9-151D-A5F976C6B9AF}.Debug|Any CPU.Build.0 = Debug|Any CPU
		{18483BD1-EF77-19A9-151D-A5F976C6B9AF}.Release|Any CPU.ActiveCfg = Release|Any CPU
		{18483BD1-EF77-19A9-151D-A5F976C6B9AF}.Release|Any CPU.Build.0 = Release|Any CPU
		{DF3D4C33-E30C-421F-942A-690653863C25}.Debug|Any CPU.ActiveCfg = Debug|Any CPU
		{DF3D4C33-E30C-421F-942A-690653863C25}.Debug|Any CPU.Build.0 = Debug|Any CPU
		{DF3D4C33-E30C-421F-942A-690653863C25}.Release|Any CPU.ActiveCfg = Release|Any CPU
		{DF3D4C33-E30C-421F-942A-690653863C25}.Release|Any CPU.Build.0 = Release|Any CPU
		{8174C9CD-3741-48DC-9FB4-C19FA08A71A8}.Debug|Any CPU.ActiveCfg = Debug|Any CPU
		{8174C9CD-3741-48DC-9FB4-C19FA08A71A8}.Debug|Any CPU.Build.0 = Debug|Any CPU
		{8174C9CD-3741-48DC-9FB4-C19FA08A71A8}.Release|Any CPU.ActiveCfg = Release|Any CPU
		{8174C9CD-3741-48DC-9FB4-C19FA08A71A8}.Release|Any CPU.Build.0 = Release|Any CPU
	EndGlobalSection
	GlobalSection(SolutionProperties) = preSolution
		HideSolutionNode = FALSE
	EndGlobalSection
	GlobalSection(ExtensibilityGlobals) = postSolution
		SolutionGuid = {3C0E49A2-F7EC-4DFC-AF0A-41AAFF74A2F7}
	EndGlobalSection
EndGlobal
